uuid: a50feda3-7237-40b3-a99f-c0968dbe0422
langcode: en-gb
status: true
dependencies: {  }
_core:
  default_config_hash: 1OCKdTtMY6QI5-V9y-phCzW_SEM6FDLAiHx1yh4song
id: footer_promo_block
label: 'Footer promo block'
revision: 0
description: 'A footer promo block contains a title, promo text, and a "find out more" link.'
